
Microsoft Visual Studio Solution File, Format Version 12.00
# Visual Studio Version 16
VisualStudioVersion = 16.0.31005.135
MinimumVisualStudioVersion = 10.0.40219.1
Project("{FAE04EC0-301F-11D3-BF4B-00C04F79EFBC}") = "RecipeWebApp", "RecipeWebApp.csproj", "{8A15A7F4-9998-4A8B-B4E3-A85E0AB34D8F}"
EndProject
Global
	GlobalSection(SolutionConfigurationPlatforms) = preSolution
		Debug|Any CPU = Debug|Any CPU
		Release|Any CPU = Release|Any CPU
	EndGlobalSection
	GlobalSection(ProjectConfigurationPlatforms) = postSolution
		{8A15A7F4-9998-4A8B-B4E3-A85E0AB34D8F}.Debug|Any CPU.ActiveCfg = Debug|Any CPU
		{8A15A7F4-9998-4A8B-B4E3-A85E0AB34D8F}.Debug|Any CPU.Build.0 = Debug|Any CPU
		{8A15A7F4-9998-4A8B-B4E3-A85E0AB34D8F}.Release|Any CPU.ActiveCfg = Release|Any CPU
		{8A15A7F4-9998-4A8B-B4E3-A85E0AB34D8F}.Release|Any CPU.Build.0 = Release|Any CPU
	EndGlobalSection
	GlobalSection(SolutionProperties) = preSolution
		HideSolutionNode = FALSE
	EndGlobalSection
	GlobalSection(ExtensibilityGlobals) = postSolution
		SolutionGuid = {A0922A31-D5BF-4247-BFDC-BC1E97CD5AAF}
	EndGlobalSection
EndGlobal
